
Microsoft Visual Studio Solution File, Format Version 12.00
# Visual Studio Version 17
VisualStudioVersion = 17.13.35825.156
MinimumVisualStudioVersion = 10.0.40219.1
Project("{FAE04EC0-301F-11D3-BF4B-00C04F79EFBC}") = "SurveyBasket", "SurveyBasket\SurveyBasket.csproj", "{10E04F08-0E5D-4485-881A-B06CF4815544}"
EndProject
Global
	GlobalSection(SolutionConfigurationPlatforms) = preSolution
		Debug|Any CPU = Debug|Any CPU
		Release|Any CPU = Release|Any CPU
	EndGlobalSection
	GlobalSection(ProjectConfigurationPlatforms) = postSolution
		{10E04F08-0E5D-4485-881A-B06CF4815544}.Debug|Any CPU.ActiveCfg = Debug|Any CPU
		{10E04F08-0E5D-4485-881A-B06CF4815544}.Debug|Any CPU.Build.0 = Debug|Any CPU
		{10E04F08-0E5D-4485-881A-B06CF4815544}.Release|Any CPU.ActiveCfg = Release|Any CPU
		{10E04F08-0E5D-4485-881A-B06CF4815544}.Release|Any CPU.Build.0 = Release|Any CPU
	EndGlobalSection
	GlobalSection(SolutionProperties) = preSolution
		HideSolutionNode = FALSE
	EndGlobalSection
	GlobalSection(ExtensibilityGlobals) = postSolution
		SolutionGuid = {08279A0B-84B8-414F-8887-8773247F3A0C}
	EndGlobalSection
EndGlobal
